
Microsoft Visual Studio Solution File, Format Version 12.00
# Visual Studio Version 16
VisualStudioVersion = 16.0.31025.218
MinimumVisualStudioVersion = 10.0.40219.1
Project("{9A19103F-16F7-4668-BE54-9A1E7A4F7556}") = "PassKeeper.Desktop", "PassKeeper.Desktop\PassKeeper.Desktop.csproj", "{26CBC8E9-A151-4CFD-9DC2-41F005B683C1}"
EndProject
Project("{9A19103F-16F7-4668-BE54-9A1E7A4F7556}") = "PassKeeper.CoreLib", "PassKeeper.CoreLib\PassKeeper.CoreLib.csproj", "{7F6EA003-A1E6-4E5C-A3EC-338D6EC2BC42}"
EndProject
Project("{9A19103F-16F7-4668-BE54-9A1E7A4F7556}") = "PassKeeper.PassLib", "PassKeeper.PassLib\PassKeeper.PassLib.csproj", "{C974B279-76EA-458B-985C-B578AE67C583}"
EndProject
Project("{2150E333-8FDC-42A3-9474-1A3956D46DE8}") = "tests", "tests", "{12B7840C-B4CA-4279-8FB6-62D8143796ED}"
EndProject
Project("{9A19103F-16F7-4668-BE54-9A1E7A4F7556}") = "PassKeeper.CoreLib.Tests", "PassKeeper.CoreLib.Tests\PassKeeper.CoreLib.Tests.csproj", "{6C69279B-14A7-4D38-90EA-361988A44795}"
EndProject
Project("{9A19103F-16F7-4668-BE54-9A1E7A4F7556}") = "PassKeeper.PassLib.Tests", "PassKeeper.PassLib.Tests\PassKeeper.PassLib.Tests.csproj", "{E2D82D47-39EB-4ADD-9A0F-DFC454F1E8A9}"
EndProject
Project("{FAE04EC0-301F-11D3-BF4B-00C04F79EFBC}") = "PassKeeper.Console", "PassKeeper.Console\PassKeeper.Console.csproj", "{098F3F67-E45D-4224-A08E-4DE6657D9BAA}"
EndProject
Global
	GlobalSection(SolutionConfigurationPlatforms) = preSolution
		Debug|Any CPU = Debug|Any CPU
		Release|Any CPU = Release|Any CPU
	EndGlobalSection
	GlobalSection(ProjectConfigurationPlatforms) = postSolution
		{26CBC8E9-A151-4CFD-9DC2-41F005B683C1}.Debug|Any CPU.ActiveCfg = Debug|Any CPU
		{26CBC8E9-A151-4CFD-9DC2-41F005B683C1}.Debug|Any CPU.Build.0 = Debug|Any CPU
		{26CBC8E9-A151-4CFD-9DC2-41F005B683C1}.Release|Any CPU.ActiveCfg = Release|Any CPU
		{26CBC8E9-A151-4CFD-9DC2-41F005B683C1}.Release|Any CPU.Build.0 = Release|Any CPU
		{7F6EA003-A1E6-4E5C-A3EC-338D6EC2BC42}.Debug|Any CPU.ActiveCfg = Debug|Any CPU
		{7F6EA003-A1E6-4E5C-A3EC-338D6EC2BC42}.Debug|Any CPU.Build.0 = Debug|Any CPU
		{7F6EA003-A1E6-4E5C-A3EC-338D6EC2BC42}.Release|Any CPU.ActiveCfg = Release|Any CPU
		{7F6EA003-A1E6-4E5C-A3EC-338D6EC2BC42}.Release|Any CPU.Build.0 = Release|Any CPU
		{C974B279-76EA-458B-985C-B578AE67C583}.Debug|Any CPU.ActiveCfg = Debug|Any CPU
		{C974B279-76EA-458B-985C-B578AE67C583}.Debug|Any CPU.Build.0 = Debug|Any CPU
		{C974B279-76EA-458B-985C-B578AE67C583}.Release|Any CPU.ActiveCfg = Release|Any CPU
		{C974B279-76EA-458B-985C-B578AE67C583}.Release|Any CPU.Build.0 = Release|Any CPU
		{6C69279B-14A7-4D38-90EA-361988A44795}.Debug|Any CPU.ActiveCfg = Debug|Any CPU
		{6C69279B-14A7-4D38-90EA-361988A44795}.Debug|Any CPU.Build.0 = Debug|Any CPU
		{6C69279B-14A7-4D38-90EA-361988A44795}.Release|Any CPU.ActiveCfg = Release|Any CPU
		{6C69279B-14A7-4D38-90EA-361988A44795}.Release|Any CPU.Build.0 = Release|Any CPU
		{E2D82D47-39EB-4ADD-9A0F-DFC454F1E8A9}.Debug|Any CPU.ActiveCfg = Debug|Any CPU
		{E2D82D47-39EB-4ADD-9A0F-DFC454F1E8A9}.Debug|Any CPU.Build.0 = Debug|Any CPU
		{E2D82D47-39EB-4ADD-9A0F-DFC454F1E8A9}.Release|Any CPU.ActiveCfg = Release|Any CPU
		{E2D82D47-39EB-4ADD-9A0F-DFC454F1E8A9}.Release|Any CPU.Build.0 = Release|Any CPU
		{098F3F67-E45D-4224-A08E-4DE6657D9BAA}.Debug|Any CPU.ActiveCfg = Debug|Any CPU
		{098F3F67-E45D-4224-A08E-4DE6657D9BAA}.Debug|Any CPU.Build.0 = Debug|Any CPU
		{098F3F67-E45D-4224-A08E-4DE6657D9BAA}.Release|Any CPU.ActiveCfg = Release|Any CPU
		{098F3F67-E45D-4224-A08E-4DE6657D9BAA}.Release|Any CPU.Build.0 = Release|Any CPU
	EndGlobalSection
	GlobalSection(SolutionProperties) = preSolution
		HideSolutionNode = FALSE
	EndGlobalSection
	GlobalSection(NestedProjects) = preSolution
		{6C69279B-14A7-4D38-90EA-361988A44795} = {12B7840C-B4CA-4279-8FB6-62D8143796ED}
		{E2D82D47-39EB-4ADD-9A0F-DFC454F1E8A9} = {12B7840C-B4CA-4279-8FB6-62D8143796ED}
	EndGlobalSection
	GlobalSection(ExtensibilityGlobals) = postSolution
		SolutionGuid = {5DAF270E-E590-48AD-9524-A70A7392F378}
	EndGlobalSection
EndGlobal
